// !$*UTF8*$!
{
	archiveVersion = 1;
	classes = {
	};
	objectVersion = 55;
	objects = {

/* Begin PBXBuildFile section */
		650FF2107C8F7B177A5F5607 /* Pods_parstagram_parstagramUITests.framework in Frameworks */ = {isa = PBXBuildFile; fileRef = DCE435487CC90C27B716981C /* Pods_parstagram_parstagramUITests.framework */; };
		708313B327E6D47A0011B248 /* AppDelegate.swift in Sources */ = {isa = PBXBuildFile; fileRef = 708313B227E6D47A0011B248 /* AppDelegate.swift */; };
		708313B527E6D47A0011B248 /* SceneDelegate.swift in Sources */ = {isa = PBXBuildFile; fileRef = 708313B427E6D47A0011B248 /* SceneDelegate.swift */; };
		708313BA27E6D47A0011B248 /* Main.storyboard in Resources */ = {isa = PBXBuildFile; fileRef = 708313B827E6D47A0011B248 /* Main.storyboard */; };
		708313BC27E6D47F0011B248 /* Assets.xcassets in Resources */ = {isa = PBXBuildFile; fileRef = 708313BB27E6D47F0011B248 /* Assets.xcassets */; };
		708313BF27E6D47F0011B248 /* LaunchScreen.storyboard in Resources */ = {isa = PBXBuildFile; fileRef = 708313BD27E6D47F0011B248 /* LaunchScreen.storyboard */; };
		708313CA27E6D4800011B248 /* parstagramTests.swift in Sources */ = {isa = PBXBuildFile; fileRef = 708313C927E6D4800011B248 /* parstagramTests.swift */; };
		708313D427E6D4800011B248 /* parstagramUITests.swift in Sources */ = {isa = PBXBuildFile; fileRef = 708313D327E6D4800011B248 /* parstagramUITests.swift */; };
		708313D627E6D4800011B248 /* parstagramUITestsLaunchTests.swift in Sources */ = {isa = PBXBuildFile; fileRef = 708313D527E6D4800011B248 /* parstagramUITestsLaunchTests.swift */; };
		70E0275727E6EEE8000CA71D /* LogInViewController.swift in Sources */ = {isa = PBXBuildFile; fileRef = 70E0275627E6EEE8000CA71D /* LogInViewController.swift */; };
		70E0275927E6EF56000CA71D /* FeedViewController.swift in Sources */ = {isa = PBXBuildFile; fileRef = 70E0275827E6EF56000CA71D /* FeedViewController.swift */; };
		F28ACC29CA8022B73262CE31 /* Pods_parstagramTests.framework in Frameworks */ = {isa = PBXBuildFile; fileRef = FDF405E99BA299B456052382 /* Pods_parstagramTests.framework */; };
		F9896B978FED525CAC133745 /* Pods_parstagram.framework in Frameworks */ = {isa = PBXBuildFile; fileRef = 23E468735EC3844ADEF8085D /* Pods_parstagram.framework */; };
/* End PBXBuildFile section */

/* Begin PBXContainerItemProxy section */
		708313C627E6D4800011B248 /* PBXContainerItemProxy */ = {
			isa = PBXContainerItemProxy;
			containerPortal = 708313A727E6D47A0011B248 /* Project object */;
			proxyType = 1;
			remoteGlobalIDString = 708313AE27E6D47A0011B248;
			remoteInfo = parstagram;
		};
		708313D027E6D4800011B248 /* PBXContainerItemProxy */ = {
			isa = PBXContainerItemProxy;
			containerPortal = 708313A727E6D47A0011B248 /* Project object */;
			proxyType = 1;
			remoteGlobalIDString = 708313AE27E6D47A0011B248;
			remoteInfo = parstagram;
		};
/* End PBXContainerItemProxy section */

/* Begin PBXFileReference section */
		140A3592D1A87733561DC3AF /* Pods-parstagramTests.release.xcconfig */ = {isa = PBXFileReference; includeInIndex = 1; lastKnownFileType = text.xcconfig; name = "Pods-parstagramTests.release.xcconfig"; path = "Target Support Files/Pods-parstagramTests/Pods-parstagramTests.release.xcconfig"; sourceTree = "<group>"; };
		206D8E1A58B2B1EEAEC041D8 /* Pods-parstagram-parstagramUITests.debug.xcconfig */ = {isa = PBXFileReference; includeInIndex = 1; lastKnownFileType = text.xcconfig; name = "Pods-parstagram-parstagramUITests.debug.xcconfig"; path = "Target Support Files/Pods-parstagram-parstagramUITests/Pods-parstagram-parstagramUITests.debug.xcconfig"; sourceTree = "<group>"; };
		23E468735EC3844ADEF8085D /* Pods_parstagram.framework */ = {isa = PBXFileReference; explicitFileType = wrapper.framework; includeInIndex = 0; path = Pods_parstagram.framework; sourceTree = BUILT_PRODUCTS_DIR; };
		351A8BCA899165B2FA67F620 /* Pods-parstagram.release.xcconfig */ = {isa = PBXFileReference; includeInIndex = 1; lastKnownFileType = text.xcconfig; name = "Pods-parstagram.release.xcconfig"; path = "Target Support Files/Pods-parstagram/Pods-parstagram.release.xcconfig"; sourceTree = "<group>"; };
		708313AF27E6D47A0011B248 /* parstagram.app */ = {isa = PBXFileReference; explicitFileType = wrapper.application; includeInIndex = 0; path = parstagram.app; sourceTree = BUILT_PRODUCTS_DIR; };
		708313B227E6D47A0011B248 /* AppDelegate.swift */ = {isa = PBXFileReference; lastKnownFileType = sourcecode.swift; path = AppDelegate.swift; sourceTree = "<group>"; };
		708313B427E6D47A0011B248 /* SceneDelegate.swift */ = {isa = PBXFileReference; lastKnownFileType = sourcecode.swift; path = SceneDelegate.swift; sourceTree = "<group>"; };
		708313B927E6D47A0011B248 /* Base */ = {isa = PBXFileReference; lastKnownFileType = file.storyboard; name = Base; path = Base.lproj/Main.storyboard; sourceTree = "<group>"; };
		708313BB27E6D47F0011B248 /* Assets.xcassets */ = {isa = PBXFileReference; lastKnownFileType = folder.assetcatalog; path = Assets.xcassets; sourceTree = "<group>"; };
		708313BE27E6D47F0011B248 /* Base */ = {isa = PBXFileReference; lastKnownFileType = file.storyboard; name = Base; path = Base.lproj/LaunchScreen.storyboard; sourceTree = "<group>"; };
		708313C027E6D47F0011B248 /* Info.plist */ = {isa = PBXFileReference; lastKnownFileType = text.plist.xml; path = Info.plist; sourceTree = "<group>"; };
		708313C527E6D4800011B248 /* parstagramTests.xctest */ = {isa = PBXFileReference; explicitFileType = wrapper.cfbundle; includeInIndex = 0; path = parstagramTests.xctest; sourceTree = BUILT_PRODUCTS_DIR; };
		708313C927E6D4800011B248 /* parstagramTests.swift */ = {isa = PBXFileReference; lastKnownFileType = sourcecode.swift; path = parstagramTests.swift; sourceTree = "<group>"; };
		708313CF27E6D4800011B248 /* parstagramUITests.xctest */ = {isa = PBXFileReference; explicitFileType = wrapper.cfbundle; includeInIndex = 0; path = parstagramUITests.xctest; sourceTree = BUILT_PRODUCTS_DIR; };
		708313D327E6D4800011B248 /* parstagramUITests.swift */ = {isa = PBXFileReference; lastKnownFileType = sourcecode.swift; path = parstagramUITests.swift; sourceTree = "<group>"; };
		708313D527E6D4800011B248 /* parstagramUITestsLaunchTests.swift */ = {isa = PBXFileReference; lastKnownFileType = sourcecode.swift; path = parstagramUITestsLaunchTests.swift; sourceTree = "<group>"; };
		70E0275627E6EEE8000CA71D /* LogInViewController.swift */ = {isa = PBXFileReference; lastKnownFileType = sourcecode.swift; path = LogInViewController.swift; sourceTree = "<group>"; };
		70E0275827E6EF56000CA71D /* FeedViewController.swift */ = {isa = PBXFileReference; lastKnownFileType = sourcecode.swift; path = FeedViewController.swift; sourceTree = "<group>"; };
		A2FA8B1FD3E6180F43A4E503 /* Pods-parstagram.debug.xcconfig */ = {isa = PBXFileReference; includeInIndex = 1; lastKnownFileType = text.xcconfig; name = "Pods-parstagram.debug.xcconfig"; path = "Target Support Files/Pods-parstagram/Pods-parstagram.debug.xcconfig"; sourceTree = "<group>"; };
		A84BB278F46146A0FEC35332 /* Pods-parstagramTests.debug.xcconfig */ = {isa = PBXFileReference; includeInIndex = 1; lastKnownFileType = text.xcconfig; name = "Pods-parstagramTests.debug.xcconfig"; path = "Target Support Files/Pods-parstagramTests/Pods-parstagramTests.debug.xcconfig"; sourceTree = "<group>"; };
		DCE435487CC90C27B716981C /* Pods_parstagram_parstagramUITests.framework */ = {isa = PBXFileReference; explicitFileType = wrapper.framework; includeInIndex = 0; path = Pods_parstagram_parstagramUITests.framework; sourceTree = BUILT_PRODUCTS_DIR; };
		F37F0ABA35D3A7508364EACB /* Pods-parstagram-parstagramUITests.release.xcconfig */ = {isa = PBXFileReference; includeInIndex = 1; lastKnownFileType = text.xcconfig; name = "Pods-parstagram-parstagramUITests.release.xcconfig"; path = "Target Support Files/Pods-parstagram-parstagramUITests/Pods-parstagram-parstagramUITests.release.xcconfig"; sourceTree = "<group>"; };
		FDF405E99BA299B456052382 /* Pods_parstagramTests.framework */ = {isa = PBXFileReference; explicitFileType = wrapper.framework; includeInIndex = 0; path = Pods_parstagramTests.framework; sourceTree = BUILT_PRODUCTS_DIR; };
/* End PBXFileReference section */

/* Begin PBXFrameworksBuildPhase section */
		708313AC27E6D47A0011B248 /* Frameworks */ = {
			isa = PBXFrameworksBuildPhase;
			buildActionMask = 2147483647;
			files = (
				F9896B978FED525CAC133745 /* Pods_parstagram.framework in Frameworks */,
			);
			runOnlyForDeploymentPostprocessing = 0;
		};
		708313C227E6D4800011B248 /* Frameworks */ = {
			isa = PBXFrameworksBuildPhase;
			buildActionMask = 2147483647;
			files = (
				F28ACC29CA8022B73262CE31 /* Pods_parstagramTests.framework in Frameworks */,
			);
			runOnlyForDeploymentPostprocessing = 0;
		};
		708313CC27E6D4800011B248 /* Frameworks */ = {
			isa = PBXFrameworksBuildPhase;
			buildActionMask = 2147483647;
			files = (
				650FF2107C8F7B177A5F5607 /* Pods_parstagram_parstagramUITests.framework in Frameworks */,
			);
			runOnlyForDeploymentPostprocessing = 0;
		};
/* End PBXFrameworksBuildPhase section */

/* Begin PBXGroup section */
		60E20800AFDA1E3F899BAABC /* Pods */ = {
			isa = PBXGroup;
			children = (
				A2FA8B1FD3E6180F43A4E503 /* Pods-parstagram.debug.xcconfig */,
				351A8BCA899165B2FA67F620 /* Pods-parstagram.release.xcconfig */,
				206D8E1A58B2B1EEAEC041D8 /* Pods-parstagram-parstagramUITests.debug.xcconfig */,
				F37F0ABA35D3A7508364EACB /* Pods-parstagram-parstagramUITests.release.xcconfig */,
				A84BB278F46146A0FEC35332 /* Pods-parstagramTests.debug.xcconfig */,
				140A3592D1A87733561DC3AF /* Pods-parstagramTests.release.xcconfig */,
			);
			path = Pods;
			sourceTree = "<group>";
		};
		708313A627E6D47A0011B248 = {
			isa = PBXGroup;
			children = (
				708313B127E6D47A0011B248 /* parstagram */,
				708313C827E6D4800011B248 /* parstagramTests */,
				708313D227E6D4800011B248 /* parstagramUITests */,
				708313B027E6D47A0011B248 /* Products */,
				60E20800AFDA1E3F899BAABC /* Pods */,
				CC096C4EAFCCA143E37B9501 /* Frameworks */,
			);
			sourceTree = "<group>";
		};
		708313B027E6D47A0011B248 /* Products */ = {
			isa = PBXGroup;
			children = (
				708313AF27E6D47A0011B248 /* parstagram.app */,
				708313C527E6D4800011B248 /* parstagramTests.xctest */,
				708313CF27E6D4800011B248 /* parstagramUITests.xctest */,
			);
			name = Products;
			sourceTree = "<group>";
		};
		708313B127E6D47A0011B248 /* parstagram */ = {
			isa = PBXGroup;
			children = (
				708313B227E6D47A0011B248 /* AppDelegate.swift */,
				708313B427E6D47A0011B248 /* SceneDelegate.swift */,
				708313B827E6D47A0011B248 /* Main.storyboard */,
				708313BB27E6D47F0011B248 /* Assets.xcassets */,
				708313BD27E6D47F0011B248 /* LaunchScreen.storyboard */,
				708313C027E6D47F0011B248 /* Info.plist */,
				70E0275627E6EEE8000CA71D /* LogInViewController.swift */,
				70E0275827E6EF56000CA71D /* FeedViewController.swift */,
			);
			path = parstagram;
			sourceTree = "<group>";
		};
		708313C827E6D4800011B248 /* parstagramTests */ = {
			isa = PBXGroup;
			children = (
				708313C927E6D4800011B248 /* parstagramTests.swift */,
			);
			path = parstagramTests;
			sourceTree = "<group>";
		};
		708313D227E6D4800011B248 /* parstagramUITests */ = {
			isa = PBXGroup;
			children = (
				708313D327E6D4800011B248 /* parstagramUITests.swift */,
				708313D527E6D4800011B248 /* parstagramUITestsLaunchTests.swift */,
			);
			path = parstagramUITests;
			sourceTree = "<group>";
		};
		CC096C4EAFCCA143E37B9501 /* Frameworks */ = {
			isa = PBXGroup;
			children = (
				23E468735EC3844ADEF8085D /* Pods_parstagram.framework */,
				DCE435487CC90C27B716981C /* Pods_parstagram_parstagramUITests.framework */,
				FDF405E99BA299B456052382 /* Pods_parstagramTests.framework */,
			);
			name = Frameworks;
			sourceTree = "<group>";
		};
/* End PBXGroup section */

/* Begin PBXNativeTarget section */
		708313AE27E6D47A0011B248 /* parstagram */ = {
			isa = PBXNativeTarget;
			buildConfigurationList = 708313D927E6D4800011B248 /* Build configuration list for PBXNativeTarget "parstagram" */;
			buildPhases = (
				A333184667D34E7D32605F98 /* [CP] Check Pods Manifest.lock */,
				708313AB27E6D47A0011B248 /* Sources */,
				708313AC27E6D47A0011B248 /* Frameworks */,
				708313AD27E6D47A0011B248 /* Resources */,
				DA055166721618FCF0ACE1B5 /* [CP] Embed Pods Frameworks */,
			);
			buildRules = (
			);
			dependencies = (
			);
			name = parstagram;
			productName = parstagram;
			productReference = 708313AF27E6D47A0011B248 /* parstagram.app */;
			productType = "com.apple.product-type.application";
		};
		708313C427E6D4800011B248 /* parstagramTests */ = {
			isa = PBXNativeTarget;
			buildConfigurationList = 708313DC27E6D4800011B248 /* Build configuration list for PBXNativeTarget "parstagramTests" */;
			buildPhases = (
				4D62A9A7093978D081668BBF /* [CP] Check Pods Manifest.lock */,
				708313C127E6D4800011B248 /* Sources */,
				708313C227E6D4800011B248 /* Frameworks */,
				708313C327E6D4800011B248 /* Resources */,
			);
			buildRules = (
			);
			dependencies = (
				708313C727E6D4800011B248 /* PBXTargetDependency */,
			);
			name = parstagramTests;
			productName = parstagramTests;
			productReference = 708313C527E6D4800011B248 /* parstagramTests.xctest */;
			productType = "com.apple.product-type.bundle.unit-test";
		};
		708313CE27E6D4800011B248 /* parstagramUITests */ = {
			isa = PBXNativeTarget;
			buildConfigurationList = 708313DF27E6D4800011B248 /* Build configuration list for PBXNativeTarget "parstagramUITests" */;
			buildPhases = (
				135BC6B186849FB135C7AB90 /* [CP] Check Pods Manifest.lock */,
				708313CB27E6D4800011B248 /* Sources */,
				708313CC27E6D4800011B248 /* Frameworks */,
				708313CD27E6D4800011B248 /* Resources */,
				7FA42C84826C34FD6898792B /* [CP] Embed Pods Frameworks */,
			);
			buildRules = (
			);
			dependencies = (
				708313D127E6D4800011B248 /* PBXTargetDependency */,
			);
			name = parstagramUITests;
			productName = parstagramUITests;
			productReference = 708313CF27E6D4800011B248 /* parstagramUITests.xctest */;
			productType = "com.apple.product-type.bundle.ui-testing";
		};
/* End PBXNativeTarget section */

/* Begin PBXProject section */
		708313A727E6D47A0011B248 /* Project object */ = {
			isa = PBXProject;
			attributes = {
				BuildIndependentTargetsInParallel = 1;
				LastSwiftUpdateCheck = 1320;
				LastUpgradeCheck = 1320;
				TargetAttributes = {
					708313AE27E6D47A0011B248 = {
						CreatedOnToolsVersion = 13.2.1;
					};
					708313C427E6D4800011B248 = {
						CreatedOnToolsVersion = 13.2.1;
						TestTargetID = 708313AE27E6D47A0011B248;
					};
					708313CE27E6D4800011B248 = {
						CreatedOnToolsVersion = 13.2.1;
						TestTargetID = 708313AE27E6D47A0011B248;
					};
				};
			};
			buildConfigurationList = 708313AA27E6D47A0011B248 /* Build configuration list for PBXProject "parstagram" */;
			compatibilityVersion = "Xcode 13.0";
			developmentRegion = en;
			hasScannedForEncodings = 0;
			knownRegions = (
				en,
				Base,
			);
			mainGroup = 708313A627E6D47A0011B248;
			productRefGroup = 708313B027E6D47A0011B248 /* Products */;
			projectDirPath = "";
			projectRoot = "";
			targets = (
				708313AE27E6D47A0011B248 /* parstagram */,
				708313C427E6D4800011B248 /* parstagramTests */,
				708313CE27E6D4800011B248 /* parstagramUITests */,
			);
		};
/* End PBXProject section */

/* Begin PBXResourcesBuildPhase section */
		708313AD27E6D47A0011B248 /* Resources */ = {
			isa = PBXResourcesBuildPhase;
			buildActionMask = 2147483647;
			files = (
				708313BF27E6D47F0011B248 /* LaunchScreen.storyboard in Resources */,
				708313BC27E6D47F0011B248 /* Assets.xcassets in Resources */,
				708313BA27E6D47A0011B248 /* Main.storyboard in Resources */,
			);
			runOnlyForDeploymentPostprocessing = 0;
		};
		708313C327E6D4800011B248 /* Resources */ = {
			isa = PBXResourcesBuildPhase;
			buildActionMask = 2147483647;
			files = (
			);
			runOnlyForDeploymentPostprocessing = 0;
		};
		708313CD27E6D4800011B248 /* Resources */ = {
			isa = PBXResourcesBuildPhase;
			buildActionMask = 2147483647;
			files = (
			);
			runOnlyForDeploymentPostprocessing = 0;
		};
/* End PBXResourcesBuildPhase section */

/* Begin PBXShellScriptBuildPhase section */
		135BC6B186849FB135C7AB90 /* [CP] Check Pods Manifest.lock */ = {
			isa = PBXShellScriptBuildPhase;
			buildActionMask = 2147483647;
			files = (
			);
			inputFileListPaths = (
			);
			inputPaths = (
				"${PODS_PODFILE_DIR_PATH}/Podfile.lock",
				"${PODS_ROOT}/Manifest.lock",
			);
			name = "[CP] Check Pods Manifest.lock";
			outputFileListPaths = (
			);
			outputPaths = (
				"$(DERIVED_FILE_DIR)/Pods-parstagram-parstagramUITests-checkManifestLockResult.txt",
			);
			runOnlyForDeploymentPostprocessing = 0;
			shellPath = /bin/sh;
			shellScript = "diff \"${PODS_PODFILE_DIR_PATH}/Podfile.lock\" \"${PODS_ROOT}/Manifest.lock\" > /dev/null\nif [ $? != 0 ] ; then\n    # print error to STDERR\n    echo \"error: The sandbox is not in sync with the Podfile.lock. Run 'pod install' or update your CocoaPods installation.\" >&2\n    exit 1\nfi\n# This output is used by Xcode 'outputs' to avoid re-running this script phase.\necho \"SUCCESS\" > \"${SCRIPT_OUTPUT_FILE_0}\"\n";
			showEnvVarsInLog = 0;
		};
		4D62A9A7093978D081668BBF /* [CP] Check Pods Manifest.lock */ = {
			isa = PBXShellScriptBuildPhase;
			buildActionMask = 2147483647;
			files = (
			);
			inputFileListPaths = (
			);
			inputPaths = (
				"${PODS_PODFILE_DIR_PATH}/Podfile.lock",
				"${PODS_ROOT}/Manifest.lock",
			);
			name = "[CP] Check Pods Manifest.lock";
			outputFileListPaths = (
			);
			outputPaths = (
				"$(DERIVED_FILE_DIR)/Pods-parstagramTests-checkManifestLockResult.txt",
			);
			runOnlyForDeploymentPostprocessing = 0;
			shellPath = /bin/sh;
			shellScript = "diff \"${PODS_PODFILE_DIR_PATH}/Podfile.lock\" \"${PODS_ROOT}/Manifest.lock\" > /dev/null\nif [ $? != 0 ] ; then\n    # print error to STDERR\n    echo \"error: The sandbox is not in sync with the Podfile.lock. Run 'pod install' or update your CocoaPods installation.\" >&2\n    exit 1\nfi\n# This output is used by Xcode 'outputs' to avoid re-running this script phase.\necho \"SUCCESS\" > \"${SCRIPT_OUTPUT_FILE_0}\"\n";
			showEnvVarsInLog = 0;
		};
		7FA42C84826C34FD6898792B /* [CP] Embed Pods Frameworks */ = {
			isa = PBXShellScriptBuildPhase;
			buildActionMask = 2147483647;
			files = (
			);
			inputFileListPaths = (
				"${PODS_ROOT}/Target Support Files/Pods-parstagram-parstagramUITests/Pods-parstagram-parstagramUITests-frameworks-${CONFIGURATION}-input-files.xcfilelist",
			);
			name = "[CP] Embed Pods Frameworks";
			outputFileListPaths = (
				"${PODS_ROOT}/Target Support Files/Pods-parstagram-parstagramUITests/Pods-parstagram-parstagramUITests-frameworks-${CONFIGURATION}-output-files.xcfilelist",
			);
			runOnlyForDeploymentPostprocessing = 0;
			shellPath = /bin/sh;
			shellScript = "\"${PODS_ROOT}/Target Support Files/Pods-parstagram-parstagramUITests/Pods-parstagram-parstagramUITests-frameworks.sh\"\n";
			showEnvVarsInLog = 0;
		};
		A333184667D34E7D32605F98 /* [CP] Check Pods Manifest.lock */ = {
			isa = PBXShellScriptBuildPhase;
			buildActionMask = 2147483647;
			files = (
			);
			inputFileListPaths = (
			);
			inputPaths = (
				"${PODS_PODFILE_DIR_PATH}/Podfile.lock",
				"${PODS_ROOT}/Manifest.lock",
			);
			name = "[CP] Check Pods Manifest.lock";
			outputFileListPaths = (
			);
			outputPaths = (
				"$(DERIVED_FILE_DIR)/Pods-parstagram-checkManifestLockResult.txt",
			);
			runOnlyForDeploymentPostprocessing = 0;
			shellPath = /bin/sh;
			shellScript = "diff \"${PODS_PODFILE_DIR_PATH}/Podfile.lock\" \"${PODS_ROOT}/Manifest.lock\" > /dev/null\nif [ $? != 0 ] ; then\n    # print error to STDERR\n    echo \"error: The sandbox is not in sync with the Podfile.lock. Run 'pod install' or update your CocoaPods installation.\" >&2\n    exit 1\nfi\n# This output is used by Xcode 'outputs' to avoid re-running this script phase.\necho \"SUCCESS\" > \"${SCRIPT_OUTPUT_FILE_0}\"\n";
			showEnvVarsInLog = 0;
		};
		DA055166721618FCF0ACE1B5 /* [CP] Embed Pods Frameworks */ = {
			isa = PBXShellScriptBuildPhase;
			buildActionMask = 2147483647;
			files = (
			);
			inputFileListPaths = (
				"${PODS_ROOT}/Target Support Files/Pods-parstagram/Pods-parstagram-frameworks-${CONFIGURATION}-input-files.xcfilelist",
			);
			name = "[CP] Embed Pods Frameworks";
			outputFileListPaths = (
				"${PODS_ROOT}/Target Support Files/Pods-parstagram/Pods-parstagram-frameworks-${CONFIGURATION}-output-files.xcfilelist",
			);
			runOnlyForDeploymentPostprocessing = 0;
			shellPath = /bin/sh;
			shellScript = "\"${PODS_ROOT}/Target Support Files/Pods-parstagram/Pods-parstagram-frameworks.sh\"\n";
			showEnvVarsInLog = 0;
		};
/* End PBXShellScriptBuildPhase section */

/* Begin PBXSourcesBuildPhase section */
		708313AB27E6D47A0011B248 /* Sources */ = {
			isa = PBXSourcesBuildPhase;
			buildActionMask = 2147483647;
			files = (
				70E0275727E6EEE8000CA71D /* LogInViewController.swift in Sources */,
				708313B327E6D47A0011B248 /* AppDelegate.swift in Sources */,
				70E0275927E6EF56000CA71D /* FeedViewController.swift in Sources */,
				708313B527E6D47A0011B248 /* SceneDelegate.swift in Sources */,
			);
			runOnlyForDeploymentPostprocessing = 0;
		};
		708313C127E6D4800011B248 /* Sources */ = {
			isa = PBXSourcesBuildPhase;
			buildActionMask = 2147483647;
			files = (
				708313CA27E6D4800011B248 /* parstagramTests.swift in Sources */,
			);
			runOnlyForDeploymentPostprocessing = 0;
		};
		708313CB27E6D4800011B248 /* Sources */ = {
			isa = PBXSourcesBuildPhase;
			buildActionMask = 2147483647;
			files = (
				708313D627E6D4800011B248 /* parstagramUITestsLaunchTests.swift in Sources */,
				708313D427E6D4800011B248 /* parstagramUITests.swift in Sources */,
			);
			runOnlyForDeploymentPostprocessing = 0;
		};
/* End PBXSourcesBuildPhase section */

/* Begin PBXTargetDependency section */
		708313C727E6D4800011B248 /* PBXTargetDependency */ = {
			isa = PBXTargetDependency;
			target = 708313AE27E6D47A0011B248 /* parstagram */;
			targetProxy = 708313C627E6D4800011B248 /* PBXContainerItemProxy */;
		};
		708313D127E6D4800011B248 /* PBXTargetDependency */ = {
			isa = PBXTargetDependency;
			target = 708313AE27E6D47A0011B248 /* parstagram */;
			targetProxy = 708313D027E6D4800011B248 /* PBXContainerItemProxy */;
		};
/* End PBXTargetDependency section */

/* Begin PBXVariantGroup section */
		708313B827E6D47A0011B248 /* Main.storyboard */ = {
			isa = PBXVariantGroup;
			children = (
				708313B927E6D47A0011B248 /* Base */,
			);
			name = Main.storyboard;
			sourceTree = "<group>";
		};
		708313BD27E6D47F0011B248 /* LaunchScreen.storyboard */ = {
			isa = PBXVariantGroup;
			children = (
				708313BE27E6D47F0011B248 /* Base */,
			);
			name = LaunchScreen.storyboard;
			sourceTree = "<group>";
		};
/* End PBXVariantGroup section */

/* Begin XCBuildConfiguration section */
		708313D727E6D4800011B248 /* Debug */ = {
			isa = XCBuildConfiguration;
			buildSettings = {
				ALWAYS_SEARCH_USER_PATHS = NO;
				CLANG_ANALYZER_NONNULL = YES;
				CLANG_ANALYZER_NUMBER_OBJECT_CONVERSION = YES_AGGRESSIVE;
				CLANG_CXX_LANGUAGE_STANDARD = "gnu++17";
				CLANG_CXX_LIBRARY = "libc++";
				CLANG_ENABLE_MODULES = YES;
				CLANG_ENABLE_OBJC_ARC = YES;
				CLANG_ENABLE_OBJC_WEAK = YES;
				CLANG_WARN_BLOCK_CAPTURE_AUTORELEASING = YES;
				CLANG_WARN_BOOL_CONVERSION = YES;
				CLANG_WARN_COMMA = YES;
				CLANG_WARN_CONSTANT_CONVERSION = YES;
				CLANG_WARN_DEPRECATED_OBJC_IMPLEMENTATIONS = YES;
				CLANG_WARN_DIRECT_OBJC_ISA_USAGE = YES_ERROR;
				CLANG_WARN_DOCUMENTATION_COMMENTS = YES;
				CLANG_WARN_EMPTY_BODY = YES;
				CLANG_WARN_ENUM_CONVERSION = YES;
				CLANG_WARN_INFINITE_RECURSION = YES;
				CLANG_WARN_INT_CONVERSION = YES;
				CLANG_WARN_NON_LITERAL_NULL_CONVERSION = YES;
				CLANG_WARN_OBJC_IMPLICIT_RETAIN_SELF = YES;
				CLANG_WARN_OBJC_LITERAL_CONVERSION = YES;
				CLANG_WARN_OBJC_ROOT_CLASS = YES_ERROR;
				CLANG_WARN_QUOTED_INCLUDE_IN_FRAMEWORK_HEADER = YES;
				CLANG_WARN_RANGE_LOOP_ANALYSIS = YES;
				CLANG_WARN_STRICT_PROTOTYPES = YES;
				CLANG_WARN_SUSPICIOUS_MOVE = YES;
				CLANG_WARN_UNGUARDED_AVAILABILITY = YES_AGGRESSIVE;
				CLANG_WARN_UNREACHABLE_CODE = YES;
				CLANG_WARN__DUPLICATE_METHOD_MATCH = YES;
				COPY_PHASE_STRIP = NO;
				DEBUG_INFORMATION_FORMAT = dwarf;
				ENABLE_STRICT_OBJC_MSGSEND = YES;
				ENABLE_TESTABILITY = YES;
				GCC_C_LANGUAGE_STANDARD = gnu11;
				GCC_DYNAMIC_NO_PIC = NO;
				GCC_NO_COMMON_BLOCKS = YES;
				GCC_OPTIMIZATION_LEVEL = 0;
				GCC_PREPROCESSOR_DEFINITIONS = (
					"DEBUG=1",
					"$(inherited)",
				);
				GCC_WARN_64_TO_32_BIT_CONVERSION = YES;
				GCC_WARN_ABOUT_RETURN_TYPE = YES_ERROR;
				GCC_WARN_UNDECLARED_SELECTOR = YES;
				GCC_WARN_UNINITIALIZED_AUTOS = YES_AGGRESSIVE;
				GCC_WARN_UNUSED_FUNCTION = YES;
				GCC_WARN_UNUSED_VARIABLE = YES;
				IPHONEOS_DEPLOYMENT_TARGET = 15.2;
				MTL_ENABLE_DEBUG_INFO = INCLUDE_SOURCE;
				MTL_FAST_MATH = YES;
				ONLY_ACTIVE_ARCH = YES;
				SDKROOT = iphoneos;
				SWIFT_ACTIVE_COMPILATION_CONDITIONS = DEBUG;
				SWIFT_OPTIMIZATION_LEVEL = "-Onone";
			};
			name = Debug;
		};
		708313D827E6D4800011B248 /* Release */ = {
			isa = XCBuildConfiguration;
			buildSettings = {
				ALWAYS_SEARCH_USER_PATHS = NO;
				CLANG_ANALYZER_NONNULL = YES;
				CLANG_ANALYZER_NUMBER_OBJECT_CONVERSION = YES_AGGRESSIVE;
				CLANG_CXX_LANGUAGE_STANDARD = "gnu++17";
				CLANG_CXX_LIBRARY = "libc++";
				CLANG_ENABLE_MODULES = YES;
				CLANG_ENABLE_OBJC_ARC = YES;
				CLANG_ENABLE_OBJC_WEAK = YES;
				CLANG_WARN_BLOCK_CAPTURE_AUTORELEASING = YES;
				CLANG_WARN_BOOL_CONVERSION = YES;
				CLANG_WARN_COMMA = YES;
				CLANG_WARN_CONSTANT_CONVERSION = YES;
				CLANG_WARN_DEPRECATED_OBJC_IMPLEMENTATIONS = YES;
				CLANG_WARN_DIRECT_OBJC_ISA_USAGE = YES_ERROR;
				CLANG_WARN_DOCUMENTATION_COMMENTS = YES;
				CLANG_WARN_EMPTY_BODY = YES;
				CLANG_WARN_ENUM_CONVERSION = YES;
				CLANG_WARN_INFINITE_RECURSION = YES;
				CLANG_WARN_INT_CONVERSION = YES;
				CLANG_WARN_NON_LITERAL_NULL_CONVERSION = YES;
				CLANG_WARN_OBJC_IMPLICIT_RETAIN_SELF = YES;
				CLANG_WARN_OBJC_LITERAL_CONVERSION = YES;
				CLANG_WARN_OBJC_ROOT_CLASS = YES_ERROR;
				CLANG_WARN_QUOTED_INCLUDE_IN_FRAMEWORK_HEADER = YES;
				CLANG_WARN_RANGE_LOOP_ANALYSIS = YES;
				CLANG_WARN_STRICT_PROTOTYPES = YES;
				CLANG_WARN_SUSPICIOUS_MOVE = YES;
				CLANG_WARN_UNGUARDED_AVAILABILITY = YES_AGGRESSIVE;
				CLANG_WARN_UNREACHABLE_CODE = YES;
				CLANG_WARN__DUPLICATE_METHOD_MATCH = YES;
				COPY_PHASE_STRIP = NO;
				DEBUG_INFORMATION_FORMAT = "dwarf-with-dsym";
				ENABLE_NS_ASSERTIONS = NO;
				ENABLE_STRICT_OBJC_MSGSEND = YES;
				GCC_C_LANGUAGE_STANDARD = gnu11;
				GCC_NO_COMMON_BLOCKS = YES;
				GCC_WARN_64_TO_32_BIT_CONVERSION = YES;
				GCC_WARN_ABOUT_RETURN_TYPE = YES_ERROR;
				GCC_WARN_UNDECLARED_SELECTOR = YES;
				GCC_WARN_UNINITIALIZED_AUTOS = YES_AGGRESSIVE;
				GCC_WARN_UNUSED_FUNCTION = YES;
				GCC_WARN_UNUSED_VARIABLE = YES;
				IPHONEOS_DEPLOYMENT_TARGET = 15.2;
				MTL_ENABLE_DEBUG_INFO = NO;
				MTL_FAST_MATH = YES;
				SDKROOT = iphoneos;
				SWIFT_COMPILATION_MODE = wholemodule;
				SWIFT_OPTIMIZATION_LEVEL = "-O";
				VALIDATE_PRODUCT = YES;
			};
			name = Release;
		};
		708313DA27E6D4800011B248 /* Debug */ = {
			isa = XCBuildConfiguration;
			baseConfigurationReference = A2FA8B1FD3E6180F43A4E503 /* Pods-parstagram.debug.xcconfig */;
			buildSettings = {
				ASSETCATALOG_COMPILER_APPICON_NAME = AppIcon;
				ASSETCATALOG_COMPILER_GLOBAL_ACCENT_COLOR_NAME = AccentColor;
				CODE_SIGN_STYLE = Automatic;
				CURRENT_PROJECT_VERSION = 1;
				DEVELOPMENT_TEAM = VZ786JK4BA;
				GENERATE_INFOPLIST_FILE = YES;
				INFOPLIST_FILE = parstagram/Info.plist;
				INFOPLIST_KEY_UIApplicationSupportsIndirectInputEvents = YES;
				INFOPLIST_KEY_UILaunchStoryboardName = LaunchScreen;
				INFOPLIST_KEY_UIMainStoryboardFile = Main;
				INFOPLIST_KEY_UISupportedInterfaceOrientations_iPad = "UIInterfaceOrientationPortrait UIInterfaceOrientationPortraitUpsideDown UIInterfaceOrientationLandscapeLeft UIInterfaceOrientationLandscapeRight";
				INFOPLIST_KEY_UISupportedInterfaceOrientations_iPhone = "UIInterfaceOrientationPortrait UIInterfaceOrientationLandscapeLeft UIInterfaceOrientationLandscapeRight";
				LD_RUNPATH_SEARCH_PATHS = (
					"$(inherited)",
					"@executable_path/Frameworks",
				);
				MARKETING_VERSION = 1.0;
				PRODUCT_BUNDLE_IDENTIFIER = codepath.parstagram.com.parstagram;
				PRODUCT_NAME = "$(TARGET_NAME)";
				SWIFT_EMIT_LOC_STRINGS = YES;
				SWIFT_VERSION = 5.0;
				TARGETED_DEVICE_FAMILY = "1,2";
			};
			name = Debug;
		};
		708313DB27E6D4800011B248 /* Release */ = {
			isa = XCBuildConfiguration;
			baseConfigurationReference = 351A8BCA899165B2FA67F620 /* Pods-parstagram.release.xcconfig */;
			buildSettings = {
				ASSETCATALOG_COMPILER_APPICON_NAME = AppIcon;
				ASSETCATALOG_COMPILER_GLOBAL_ACCENT_COLOR_NAME = AccentColor;
				CODE_SIGN_STYLE = Automatic;
				CURRENT_PROJECT_VERSION = 1;
				DEVELOPMENT_TEAM = VZ786JK4BA;
				GENERATE_INFOPLIST_FILE = YES;
				INFOPLIST_FILE = parstagram/Info.plist;
				INFOPLIST_KEY_UIApplicationSupportsIndirectInputEvents = YES;
				INFOPLIST_KEY_UILaunchStoryboardName = LaunchScreen;
				INFOPLIST_KEY_UIMainStoryboardFile = Main;
				INFOPLIST_KEY_UISupportedInterfaceOrientations_iPad = "UIInterfaceOrientationPortrait UIInterfaceOrientationPortraitUpsideDown UIInterfaceOrientationLandscapeLeft UIInterfaceOrientationLandscapeRight";
				INFOPLIST_KEY_UISupportedInterfaceOrientations_iPhone = "UIInterfaceOrientationPortrait UIInterfaceOrientationLandscapeLeft UIInterfaceOrientationLandscapeRight";
				LD_RUNPATH_SEARCH_PATHS = (
					"$(inherited)",
					"@executable_path/Frameworks",
				);
				MARKETING_VERSION = 1.0;
				PRODUCT_BUNDLE_IDENTIFIER = codepath.parstagram.com.parstagram;
				PRODUCT_NAME = "$(TARGET_NAME)";
				SWIFT_EMIT_LOC_STRINGS = YES;
				SWIFT_VERSION = 5.0;
				TARGETED_DEVICE_FAMILY = "1,2";
			};
			name = Release;
		};
		708313DD27E6D4800011B248 /* Debug */ = {
			isa = XCBuildConfiguration;
			baseConfigurationReference = A84BB278F46146A0FEC35332 /* Pods-parstagramTests.debug.xcconfig */;
			buildSettings = {
				ALWAYS_EMBED_SWIFT_STANDARD_LIBRARIES = YES;
				BUNDLE_LOADER = "$(TEST_HOST)";
				CODE_SIGN_STYLE = Automatic;
				CURRENT_PROJECT_VERSION = 1;
				DEVELOPMENT_TEAM = VZ786JK4BA;
				GENERATE_INFOPLIST_FILE = YES;
				IPHONEOS_DEPLOYMENT_TARGET = 15.2;
				MARKETING_VERSION = 1.0;
				PRODUCT_BUNDLE_IDENTIFIER = codepath.parstagram.com.parstagramTests;
				PRODUCT_NAME = "$(TARGET_NAME)";
				SWIFT_EMIT_LOC_STRINGS = NO;
				SWIFT_VERSION = 5.0;
				TARGETED_DEVICE_FAMILY = "1,2";
				TEST_HOST = "$(BUILT_PRODUCTS_DIR)/parstagram.app/parstagram";
			};
			name = Debug;
		};
		708313DE27E6D4800011B248 /* Release */ = {
			isa = XCBuildConfiguration;
			baseConfigurationReference = 140A3592D1A87733561DC3AF /* Pods-parstagramTests.release.xcconfig */;
			buildSettings = {
				ALWAYS_EMBED_SWIFT_STANDARD_LIBRARIES = YES;
				BUNDLE_LOADER = "$(TEST_HOST)";
				CODE_SIGN_STYLE = Automatic;
				CURRENT_PROJECT_VERSION = 1;
				DEVELOPMENT_TEAM = VZ786JK4BA;
				GENERATE_INFOPLIST_FILE = YES;
				IPHONEOS_DEPLOYMENT_TARGET = 15.2;
				MARKETING_VERSION = 1.0;
				PRODUCT_BUNDLE_IDENTIFIER = codepath.parstagram.com.parstagramTests;
				PRODUCT_NAME = "$(TARGET_NAME)";
				SWIFT_EMIT_LOC_STRINGS = NO;
				SWIFT_VERSION = 5.0;
				TARGETED_DEVICE_FAMILY = "1,2";
				TEST_HOST = "$(BUILT_PRODUCTS_DIR)/parstagram.app/parstagram";
			};
			name = Release;
		};
		708313E027E6D4800011B248 /* Debug */ = {
			isa = XCBuildConfiguration;
			baseConfigurationReference = 206D8E1A58B2B1EEAEC041D8 /* Pods-parstagram-parstagramUITests.debug.xcconfig */;
			buildSettings = {
				ALWAYS_EMBED_SWIFT_STANDARD_LIBRARIES = YES;
				CODE_SIGN_STYLE = Automatic;
				CURRENT_PROJECT_VERSION = 1;
				DEVELOPMENT_TEAM = VZ786JK4BA;
				GENERATE_INFOPLIST_FILE = YES;
				MARKETING_VERSION = 1.0;
				PRODUCT_BUNDLE_IDENTIFIER = codepath.parstagram.com.parstagramUITests;
				PRODUCT_NAME = "$(TARGET_NAME)";
				SWIFT_EMIT_LOC_STRINGS = NO;
				SWIFT_VERSION = 5.0;
				TARGETED_DEVICE_FAMILY = "1,2";
				TEST_TARGET_NAME = parstagram;
			};
			name = Debug;
		};
		708313E127E6D4800011B248 /* Release */ = {
			isa = XCBuildConfiguration;
			baseConfigurationReference = F37F0ABA35D3A7508364EACB /* Pods-parstagram-parstagramUITests.release.xcconfig */;
			buildSettings = {
				ALWAYS_EMBED_SWIFT_STANDARD_LIBRARIES = YES;
				CODE_SIGN_STYLE = Automatic;
				CURRENT_PROJECT_VERSION = 1;
				DEVELOPMENT_TEAM = VZ786JK4BA;
				GENERATE_INFOPLIST_FILE = YES;
				MARKETING_VERSION = 1.0;
				PRODUCT_BUNDLE_IDENTIFIER = codepath.parstagram.com.parstagramUITests;
				PRODUCT_NAME = "$(TARGET_NAME)";
				SWIFT_EMIT_LOC_STRINGS = NO;
				SWIFT_VERSION = 5.0;
				TARGETED_DEVICE_FAMILY = "1,2";
				TEST_TARGET_NAME = parstagram;
			};
			name = Release;
		};
/* End XCBuildConfiguration section */

/* Begin XCConfigurationList section */
		708313AA27E6D47A0011B248 /* Build configuration list for PBXProject "parstagram" */ = {
			isa = XCConfigurationList;
			buildConfigurations = (
				708313D727E6D4800011B248 /* Debug */,
				708313D827E6D4800011B248 /* Release */,
			);
			defaultConfigurationIsVisible = 0;
			defaultConfigurationName = Release;
		};
		708313D927E6D4800011B248 /* Build configuration list for PBXNativeTarget "parstagram" */ = {
			isa = XCConfigurationList;
			buildConfigurations = (
				708313DA27E6D4800011B248 /* Debug */,
				708313DB27E6D4800011B248 /* Release */,
			);
			defaultConfigurationIsVisible = 0;
			defaultConfigurationName = Release;
		};
		708313DC27E6D4800011B248 /* Build configuration list for PBXNativeTarget "parstagramTests" */ = {
			isa = XCConfigurationList;
			buildConfigurations = (
				708313DD27E6D4800011B248 /* Debug */,
				708313DE27E6D4800011B248 /* Release */,
			);
			defaultConfigurationIsVisible = 0;
			defaultConfigurationName = Release;
		};
		708313DF27E6D4800011B248 /* Build configuration list for PBXNativeTarget "parstagramUITests" */ = {
			isa = XCConfigurationList;
			buildConfigurations = (
				708313E027E6D4800011B248 /* Debug */,
				708313E127E6D4800011B248 /* Release */,
			);
			defaultConfigurationIsVisible = 0;
			defaultConfigurationName = Release;
		};
/* End XCConfigurationList section */
	};
	rootObject = 708313A727E6D47A0011B248 /* Project object */;
}
